// !$*UTF8*$!
{
	archiveVersion = 1;
	classes = {
	};
	objectVersion = 46;
	objects = {

/* Begin PBXBuildFile section */
		790F13FA1A4CBFAB00F28EB1 /* ActionViewController.swift in Sources */ = {isa = PBXBuildFile; fileRef = 790F13F91A4CBFAB00F28EB1 /* ActionViewController.swift */; };
		790F13FC1A4CBFAB00F28EB1 /* MainInterface.storyboard in Resources */ = {isa = PBXBuildFile; fileRef = 790F13FB1A4CBFAB00F28EB1 /* MainInterface.storyboard */; };
		790F13FF1A4CBFAB00F28EB1 /* Subscribe.appex in Embed App Extensions */ = {isa = PBXBuildFile; fileRef = 790F13F51A4CBFAB00F28EB1 /* Subscribe.appex */; settings = {ATTRIBUTES = (RemoveHeadersOnCopy, ); }; };
		792614191A4C6BD400FB5BBE /* STNewsFeedParser.framework in Frameworks */ = {isa = PBXBuildFile; fileRef = 792614121A4C6B8500FB5BBE /* STNewsFeedParser.framework */; };
		7926141A1A4C6BD400FB5BBE /* STNewsFeedParser.framework in Embed Frameworks */ = {isa = PBXBuildFile; fileRef = 792614121A4C6B8500FB5BBE /* STNewsFeedParser.framework */; settings = {ATTRIBUTES = (CodeSignOnCopy, RemoveHeadersOnCopy, ); }; };
		792B45F61A6C4B9C004FDB8F /* NotificationCenter.framework in Frameworks */ = {isa = PBXBuildFile; fileRef = 792B45F51A6C4B9C004FDB8F /* NotificationCenter.framework */; };
		792B45FB1A6C4B9C004FDB8F /* TodayViewController.swift in Sources */ = {isa = PBXBuildFile; fileRef = 792B45FA1A6C4B9C004FDB8F /* TodayViewController.swift */; };
		792B45FD1A6C4B9C004FDB8F /* MainInterface.storyboard in Resources */ = {isa = PBXBuildFile; fileRef = 792B45FC1A6C4B9C004FDB8F /* MainInterface.storyboard */; };
		792B46001A6C4B9C004FDB8F /* Some to read.appex in Embed App Extensions */ = {isa = PBXBuildFile; fileRef = 792B45F31A6C4B9C004FDB8F /* Some to read.appex */; settings = {ATTRIBUTES = (RemoveHeadersOnCopy, ); }; };
		7974BABA1A69F09E005DD781 /* Images.xcassets in Resources */ = {isa = PBXBuildFile; fileRef = 799BEFD01A45DFA600E055F1 /* Images.xcassets */; };
		799BEFC71A45DFA600E055F1 /* AppDelegate.swift in Sources */ = {isa = PBXBuildFile; fileRef = 799BEFC61A45DFA600E055F1 /* AppDelegate.swift */; };
		799BEFCA1A45DFA600E055F1 /* Lines.xcdatamodeld in Sources */ = {isa = PBXBuildFile; fileRef = 799BEFC81A45DFA600E055F1 /* Lines.xcdatamodeld */; };
		799BEFCC1A45DFA600E055F1 /* ViewController.swift in Sources */ = {isa = PBXBuildFile; fileRef = 799BEFCB1A45DFA600E055F1 /* ViewController.swift */; };
		799BEFCF1A45DFA600E055F1 /* Main.storyboard in Resources */ = {isa = PBXBuildFile; fileRef = 799BEFCD1A45DFA600E055F1 /* Main.storyboard */; };
		799BEFD11A45DFA600E055F1 /* Images.xcassets in Resources */ = {isa = PBXBuildFile; fileRef = 799BEFD01A45DFA600E055F1 /* Images.xcassets */; };
		799BEFD41A45DFA600E055F1 /* LaunchScreen.xib in Resources */ = {isa = PBXBuildFile; fileRef = 799BEFD21A45DFA600E055F1 /* LaunchScreen.xib */; };
		799BEFE01A45DFA600E055F1 /* LinesTests.swift in Sources */ = {isa = PBXBuildFile; fileRef = 799BEFDF1A45DFA600E055F1 /* LinesTests.swift */; };
		79C594BE1A4A47FA002500D4 /* AddressesTableViewController.swift in Sources */ = {isa = PBXBuildFile; fileRef = 79C594BD1A4A47FA002500D4 /* AddressesTableViewController.swift */; };
		79D15C4A1A7806DD00FE6A8B /* DataSource.swift in Sources */ = {isa = PBXBuildFile; fileRef = 79D15C491A7806DD00FE6A8B /* DataSource.swift */; };
		79DD1A761A4B832C00D15A4D /* CustomTableViewCell.swift in Sources */ = {isa = PBXBuildFile; fileRef = 79DD1A751A4B832C00D15A4D /* CustomTableViewCell.swift */; };
/* End PBXBuildFile section */

/* Begin PBXContainerItemProxy section */
		790F13FD1A4CBFAB00F28EB1 /* PBXContainerItemProxy */ = {
			isa = PBXContainerItemProxy;
			containerPortal = 799BEFB91A45DFA600E055F1 /* Project object */;
			proxyType = 1;
			remoteGlobalIDString = 790F13F41A4CBFAB00F28EB1;
			remoteInfo = Subscribe;
		};
		792614111A4C6B8500FB5BBE /* PBXContainerItemProxy */ = {
			isa = PBXContainerItemProxy;
			containerPortal = 7926140C1A4C6B8500FB5BBE /* STNewsFeedParser.xcodeproj */;
			proxyType = 2;
			remoteGlobalIDString = 792613EA1A4C659300FB5BBE;
			remoteInfo = STNewsFeedParser;
		};
		792614131A4C6B8500FB5BBE /* PBXContainerItemProxy */ = {
			isa = PBXContainerItemProxy;
			containerPortal = 7926140C1A4C6B8500FB5BBE /* STNewsFeedParser.xcodeproj */;
			proxyType = 2;
			remoteGlobalIDString = 792613F51A4C659300FB5BBE;
			remoteInfo = STNewsFeedParserTests;
		};
		7926141B1A4C6BD400FB5BBE /* PBXContainerItemProxy */ = {
			isa = PBXContainerItemProxy;
			containerPortal = 7926140C1A4C6B8500FB5BBE /* STNewsFeedParser.xcodeproj */;
			proxyType = 1;
			remoteGlobalIDString = 792613E91A4C659300FB5BBE;
			remoteInfo = STNewsFeedParser;
		};
		792B45FE1A6C4B9C004FDB8F /* PBXContainerItemProxy */ = {
			isa = PBXContainerItemProxy;
			containerPortal = 799BEFB91A45DFA600E055F1 /* Project object */;
			proxyType = 1;
			remoteGlobalIDString = 792B45F21A6C4B9C004FDB8F;
			remoteInfo = "Some to read";
		};
		799BEFDA1A45DFA600E055F1 /* PBXContainerItemProxy */ = {
			isa = PBXContainerItemProxy;
			containerPortal = 799BEFB91A45DFA600E055F1 /* Project object */;
			proxyType = 1;
			remoteGlobalIDString = 799BEFC01A45DFA600E055F1;
			remoteInfo = Lines;
		};
/* End PBXContainerItemProxy section */

/* Begin PBXCopyFilesBuildPhase section */
		790F14041A4CBFAC00F28EB1 /* Embed App Extensions */ = {
			isa = PBXCopyFilesBuildPhase;
			buildActionMask = 2147483647;
			dstPath = "";
			dstSubfolderSpec = 13;
			files = (
				790F13FF1A4CBFAB00F28EB1 /* Subscribe.appex in Embed App Extensions */,
				792B46001A6C4B9C004FDB8F /* Some to read.appex in Embed App Extensions */,
			);
			name = "Embed App Extensions";
			runOnlyForDeploymentPostprocessing = 0;
		};
		7926141D1A4C6BD400FB5BBE /* Embed Frameworks */ = {
			isa = PBXCopyFilesBuildPhase;
			buildActionMask = 2147483647;
			dstPath = "";
			dstSubfolderSpec = 10;
			files = (
				7926141A1A4C6BD400FB5BBE /* STNewsFeedParser.framework in Embed Frameworks */,
			);
			name = "Embed Frameworks";
			runOnlyForDeploymentPostprocessing = 0;
		};
/* End PBXCopyFilesBuildPhase section */

/* Begin PBXFileReference section */
		790F13F51A4CBFAB00F28EB1 /* Subscribe.appex */ = {isa = PBXFileReference; explicitFileType = "wrapper.app-extension"; includeInIndex = 0; path = Subscribe.appex; sourceTree = BUILT_PRODUCTS_DIR; };
		790F13F81A4CBFAB00F28EB1 /* Info.plist */ = {isa = PBXFileReference; lastKnownFileType = text.plist.xml; path = Info.plist; sourceTree = "<group>"; };
		790F13F91A4CBFAB00F28EB1 /* ActionViewController.swift */ = {isa = PBXFileReference; lastKnownFileType = sourcecode.swift; path = ActionViewController.swift; sourceTree = "<group>"; };
		790F13FB1A4CBFAB00F28EB1 /* MainInterface.storyboard */ = {isa = PBXFileReference; lastKnownFileType = file.storyboard; path = MainInterface.storyboard; sourceTree = "<group>"; };
		7926140C1A4C6B8500FB5BBE /* STNewsFeedParser.xcodeproj */ = {isa = PBXFileReference; lastKnownFileType = "wrapper.pb-project"; name = STNewsFeedParser.xcodeproj; path = STNewsFeedParser/STNewsFeedParser.xcodeproj; sourceTree = "<group>"; };
		792B45F31A6C4B9C004FDB8F /* Some to read.appex */ = {isa = PBXFileReference; explicitFileType = "wrapper.app-extension"; includeInIndex = 0; path = "Some to read.appex"; sourceTree = BUILT_PRODUCTS_DIR; };
		792B45F51A6C4B9C004FDB8F /* NotificationCenter.framework */ = {isa = PBXFileReference; lastKnownFileType = wrapper.framework; name = NotificationCenter.framework; path = System/Library/Frameworks/NotificationCenter.framework; sourceTree = SDKROOT; };
		792B45F91A6C4B9C004FDB8F /* Info.plist */ = {isa = PBXFileReference; lastKnownFileType = text.plist.xml; path = Info.plist; sourceTree = "<group>"; };
		792B45FA1A6C4B9C004FDB8F /* TodayViewController.swift */ = {isa = PBXFileReference; lastKnownFileType = sourcecode.swift; path = TodayViewController.swift; sourceTree = "<group>"; };
		792B45FC1A6C4B9C004FDB8F /* MainInterface.storyboard */ = {isa = PBXFileReference; lastKnownFileType = file.storyboard; path = MainInterface.storyboard; sourceTree = "<group>"; };
		799BEFC11A45DFA600E055F1 /* Lines.app */ = {isa = PBXFileReference; explicitFileType = wrapper.application; includeInIndex = 0; path = Lines.app; sourceTree = BUILT_PRODUCTS_DIR; };
		799BEFC51A45DFA600E055F1 /* Info.plist */ = {isa = PBXFileReference; lastKnownFileType = text.plist.xml; path = Info.plist; sourceTree = "<group>"; };
		799BEFC61A45DFA600E055F1 /* AppDelegate.swift */ = {isa = PBXFileReference; lastKnownFileType = sourcecode.swift; path = AppDelegate.swift; sourceTree = "<group>"; };
		799BEFC91A45DFA600E055F1 /* Lines.xcdatamodel */ = {isa = PBXFileReference; lastKnownFileType = wrapper.xcdatamodel; path = Lines.xcdatamodel; sourceTree = "<group>"; };
		799BEFCB1A45DFA600E055F1 /* ViewController.swift */ = {isa = PBXFileReference; lastKnownFileType = sourcecode.swift; path = ViewController.swift; sourceTree = "<group>"; };
		799BEFCE1A45DFA600E055F1 /* Base */ = {isa = PBXFileReference; lastKnownFileType = file.storyboard; name = Base; path = Base.lproj/Main.storyboard; sourceTree = "<group>"; };
		799BEFD01A45DFA600E055F1 /* Images.xcassets */ = {isa = PBXFileReference; lastKnownFileType = folder.assetcatalog; path = Images.xcassets; sourceTree = "<group>"; };
		799BEFD31A45DFA600E055F1 /* Base */ = {isa = PBXFileReference; lastKnownFileType = file.xib; name = Base; path = Base.lproj/LaunchScreen.xib; sourceTree = "<group>"; };
		799BEFD91A45DFA600E055F1 /* LinesTests.xctest */ = {isa = PBXFileReference; explicitFileType = wrapper.cfbundle; includeInIndex = 0; path = LinesTests.xctest; sourceTree = BUILT_PRODUCTS_DIR; };
		799BEFDE1A45DFA600E055F1 /* Info.plist */ = {isa = PBXFileReference; lastKnownFileType = text.plist.xml; path = Info.plist; sourceTree = "<group>"; };
		799BEFDF1A45DFA600E055F1 /* LinesTests.swift */ = {isa = PBXFileReference; lastKnownFileType = sourcecode.swift; path = LinesTests.swift; sourceTree = "<group>"; };
		79C594BD1A4A47FA002500D4 /* AddressesTableViewController.swift */ = {isa = PBXFileReference; fileEncoding = 4; lastKnownFileType = sourcecode.swift; path = AddressesTableViewController.swift; sourceTree = "<group>"; };
		79D15C491A7806DD00FE6A8B /* DataSource.swift */ = {isa = PBXFileReference; fileEncoding = 4; lastKnownFileType = sourcecode.swift; path = DataSource.swift; sourceTree = "<group>"; };
		79DD1A751A4B832C00D15A4D /* CustomTableViewCell.swift */ = {isa = PBXFileReference; fileEncoding = 4; lastKnownFileType = sourcecode.swift; path = CustomTableViewCell.swift; sourceTree = "<group>"; };
/* End PBXFileReference section */

/* Begin PBXFrameworksBuildPhase section */
		790F13F21A4CBFAB00F28EB1 /* Frameworks */ = {
			isa = PBXFrameworksBuildPhase;
			buildActionMask = 2147483647;
			files = (
			);
			runOnlyForDeploymentPostprocessing = 0;
		};
		792B45F01A6C4B9C004FDB8F /* Frameworks */ = {
			isa = PBXFrameworksBuildPhase;
			buildActionMask = 2147483647;
			files = (
				792B45F61A6C4B9C004FDB8F /* NotificationCenter.framework in Frameworks */,
			);
			runOnlyForDeploymentPostprocessing = 0;
		};
		799BEFBE1A45DFA600E055F1 /* Frameworks */ = {
			isa = PBXFrameworksBuildPhase;
			buildActionMask = 2147483647;
			files = (
				792614191A4C6BD400FB5BBE /* STNewsFeedParser.framework in Frameworks */,
			);
			runOnlyForDeploymentPostprocessing = 0;
		};
		799BEFD61A45DFA600E055F1 /* Frameworks */ = {
			isa = PBXFrameworksBuildPhase;
			buildActionMask = 2147483647;
			files = (
			);
			runOnlyForDeploymentPostprocessing = 0;
		};
/* End PBXFrameworksBuildPhase section */

/* Begin PBXGroup section */
		790F13F61A4CBFAB00F28EB1 /* Subscribe */ = {
			isa = PBXGroup;
			children = (
				790F13F91A4CBFAB00F28EB1 /* ActionViewController.swift */,
				790F13FB1A4CBFAB00F28EB1 /* MainInterface.storyboard */,
				790F13F71A4CBFAB00F28EB1 /* Supporting Files */,
			);
			path = Subscribe;
			sourceTree = "<group>";
		};
		790F13F71A4CBFAB00F28EB1 /* Supporting Files */ = {
			isa = PBXGroup;
			children = (
				790F13F81A4CBFAB00F28EB1 /* Info.plist */,
			);
			name = "Supporting Files";
			sourceTree = "<group>";
		};
		7926140D1A4C6B8500FB5BBE /* Products */ = {
			isa = PBXGroup;
			children = (
				792614121A4C6B8500FB5BBE /* STNewsFeedParser.framework */,
				792614141A4C6B8500FB5BBE /* STNewsFeedParserTests.xctest */,
			);
			name = Products;
			sourceTree = "<group>";
		};
		792B45F41A6C4B9C004FDB8F /* Frameworks */ = {
			isa = PBXGroup;
			children = (
				792B45F51A6C4B9C004FDB8F /* NotificationCenter.framework */,
			);
			name = Frameworks;
			sourceTree = "<group>";
		};
		792B45F71A6C4B9C004FDB8F /* Some to read */ = {
			isa = PBXGroup;
			children = (
				792B45FA1A6C4B9C004FDB8F /* TodayViewController.swift */,
				792B45FC1A6C4B9C004FDB8F /* MainInterface.storyboard */,
				792B45F81A6C4B9C004FDB8F /* Supporting Files */,
			);
			path = "Some to read";
			sourceTree = "<group>";
		};
		792B45F81A6C4B9C004FDB8F /* Supporting Files */ = {
			isa = PBXGroup;
			children = (
				792B45F91A6C4B9C004FDB8F /* Info.plist */,
			);
			name = "Supporting Files";
			sourceTree = "<group>";
		};
		799BEFB81A45DFA600E055F1 = {
			isa = PBXGroup;
			children = (
				799BEFC31A45DFA600E055F1 /* Lines */,
				799BEFDC1A45DFA600E055F1 /* LinesTests */,
				790F13F61A4CBFAB00F28EB1 /* Subscribe */,
				792B45F71A6C4B9C004FDB8F /* Some to read */,
				792B45F41A6C4B9C004FDB8F /* Frameworks */,
				799BEFC21A45DFA600E055F1 /* Products */,
				7926140C1A4C6B8500FB5BBE /* STNewsFeedParser.xcodeproj */,
			);
			sourceTree = "<group>";
		};
		799BEFC21A45DFA600E055F1 /* Products */ = {
			isa = PBXGroup;
			children = (
				799BEFC11A45DFA600E055F1 /* Lines.app */,
				799BEFD91A45DFA600E055F1 /* LinesTests.xctest */,
				790F13F51A4CBFAB00F28EB1 /* Subscribe.appex */,
				792B45F31A6C4B9C004FDB8F /* Some to read.appex */,
			);
			name = Products;
			sourceTree = "<group>";
		};
		799BEFC31A45DFA600E055F1 /* Lines */ = {
			isa = PBXGroup;
			children = (
				799BEFC61A45DFA600E055F1 /* AppDelegate.swift */,
				799BEFCB1A45DFA600E055F1 /* ViewController.swift */,
				79D15C491A7806DD00FE6A8B /* DataSource.swift */,
				79DD1A751A4B832C00D15A4D /* CustomTableViewCell.swift */,
				79C594BD1A4A47FA002500D4 /* AddressesTableViewController.swift */,
				799BEFCD1A45DFA600E055F1 /* Main.storyboard */,
				799BEFD01A45DFA600E055F1 /* Images.xcassets */,
				799BEFD21A45DFA600E055F1 /* LaunchScreen.xib */,
				799BEFC81A45DFA600E055F1 /* Lines.xcdatamodeld */,
				799BEFC41A45DFA600E055F1 /* Supporting Files */,
			);
			path = Lines;
			sourceTree = "<group>";
		};
		799BEFC41A45DFA600E055F1 /* Supporting Files */ = {
			isa = PBXGroup;
			children = (
				799BEFC51A45DFA600E055F1 /* Info.plist */,
			);
			name = "Supporting Files";
			sourceTree = "<group>";
		};
		799BEFDC1A45DFA600E055F1 /* LinesTests */ = {
			isa = PBXGroup;
			children = (
				799BEFDF1A45DFA600E055F1 /* LinesTests.swift */,
				799BEFDD1A45DFA600E055F1 /* Supporting Files */,
			);
			path = LinesTests;
			sourceTree = "<group>";
		};
		799BEFDD1A45DFA600E055F1 /* Supporting Files */ = {
			isa = PBXGroup;
			children = (
				799BEFDE1A45DFA600E055F1 /* Info.plist */,
			);
			name = "Supporting Files";
			sourceTree = "<group>";
		};
/* End PBXGroup section */

/* Begin PBXNativeTarget section */
		790F13F41A4CBFAB00F28EB1 /* Subscribe */ = {
			isa = PBXNativeTarget;
			buildConfigurationList = 790F14031A4CBFAC00F28EB1 /* Build configuration list for PBXNativeTarget "Subscribe" */;
			buildPhases = (
				790F13F11A4CBFAB00F28EB1 /* Sources */,
				790F13F21A4CBFAB00F28EB1 /* Frameworks */,
				790F13F31A4CBFAB00F28EB1 /* Resources */,
			);
			buildRules = (
			);
			dependencies = (
			);
			name = Subscribe;
			productName = Subscribe;
			productReference = 790F13F51A4CBFAB00F28EB1 /* Subscribe.appex */;
			productType = "com.apple.product-type.app-extension";
		};
		792B45F21A6C4B9C004FDB8F /* Some to read */ = {
			isa = PBXNativeTarget;
			buildConfigurationList = 792B46041A6C4B9C004FDB8F /* Build configuration list for PBXNativeTarget "Some to read" */;
			buildPhases = (
				792B45EF1A6C4B9C004FDB8F /* Sources */,
				792B45F01A6C4B9C004FDB8F /* Frameworks */,
				792B45F11A6C4B9C004FDB8F /* Resources */,
			);
			buildRules = (
			);
			dependencies = (
			);
			name = "Some to read";
			productName = "Some to read";
			productReference = 792B45F31A6C4B9C004FDB8F /* Some to read.appex */;
			productType = "com.apple.product-type.app-extension";
		};
		799BEFC01A45DFA600E055F1 /* Lines */ = {
			isa = PBXNativeTarget;
			buildConfigurationList = 799BEFE31A45DFA600E055F1 /* Build configuration list for PBXNativeTarget "Lines" */;
			buildPhases = (
				799BEFBD1A45DFA600E055F1 /* Sources */,
				799BEFBE1A45DFA600E055F1 /* Frameworks */,
				799BEFBF1A45DFA600E055F1 /* Resources */,
				7926141D1A4C6BD400FB5BBE /* Embed Frameworks */,
				790F14041A4CBFAC00F28EB1 /* Embed App Extensions */,
			);
			buildRules = (
			);
			dependencies = (
				7926141C1A4C6BD400FB5BBE /* PBXTargetDependency */,
				790F13FE1A4CBFAB00F28EB1 /* PBXTargetDependency */,
				792B45FF1A6C4B9C004FDB8F /* PBXTargetDependency */,
			);
			name = Lines;
			productName = Lines;
			productReference = 799BEFC11A45DFA600E055F1 /* Lines.app */;
			productType = "com.apple.product-type.application";
		};
		799BEFD81A45DFA600E055F1 /* LinesTests */ = {
			isa = PBXNativeTarget;
			buildConfigurationList = 799BEFE61A45DFA600E055F1 /* Build configuration list for PBXNativeTarget "LinesTests" */;
			buildPhases = (
				799BEFD51A45DFA600E055F1 /* Sources */,
				799BEFD61A45DFA600E055F1 /* Frameworks */,
				799BEFD71A45DFA600E055F1 /* Resources */,
			);
			buildRules = (
			);
			dependencies = (
				799BEFDB1A45DFA600E055F1 /* PBXTargetDependency */,
			);
			name = LinesTests;
			productName = LinesTests;
			productReference = 799BEFD91A45DFA600E055F1 /* LinesTests.xctest */;
			productType = "com.apple.product-type.bundle.unit-test";
		};
/* End PBXNativeTarget section */

/* Begin PBXProject section */
		799BEFB91A45DFA600E055F1 /* Project object */ = {
			isa = PBXProject;
			attributes = {
				LastUpgradeCheck = 0610;
				ORGANIZATIONNAME = "Tiago Mergulhão";
				TargetAttributes = {
					790F13F41A4CBFAB00F28EB1 = {
						CreatedOnToolsVersion = 6.1.1;
					};
					792B45F21A6C4B9C004FDB8F = {
						CreatedOnToolsVersion = 6.2;
					};
					799BEFC01A45DFA600E055F1 = {
						CreatedOnToolsVersion = 6.1.1;
					};
					799BEFD81A45DFA600E055F1 = {
						CreatedOnToolsVersion = 6.1.1;
						TestTargetID = 799BEFC01A45DFA600E055F1;
					};
				};
			};
			buildConfigurationList = 799BEFBC1A45DFA600E055F1 /* Build configuration list for PBXProject "Lines" */;
			compatibilityVersion = "Xcode 3.2";
			developmentRegion = English;
			hasScannedForEncodings = 0;
			knownRegions = (
				en,
				Base,
			);
			mainGroup = 799BEFB81A45DFA600E055F1;
			productRefGroup = 799BEFC21A45DFA600E055F1 /* Products */;
			projectDirPath = "";
			projectReferences = (
				{
					ProductGroup = 7926140D1A4C6B8500FB5BBE /* Products */;
					ProjectRef = 7926140C1A4C6B8500FB5BBE /* STNewsFeedParser.xcodeproj */;
				},
			);
			projectRoot = "";
			targets = (
				799BEFC01A45DFA600E055F1 /* Lines */,
				799BEFD81A45DFA600E055F1 /* LinesTests */,
				790F13F41A4CBFAB00F28EB1 /* Subscribe */,
				792B45F21A6C4B9C004FDB8F /* Some to read */,
			);
		};
/* End PBXProject section */

/* Begin PBXReferenceProxy section */
		792614121A4C6B8500FB5BBE /* STNewsFeedParser.framework */ = {
			isa = PBXReferenceProxy;
			fileType = wrapper.framework;
			path = STNewsFeedParser.framework;
			remoteRef = 792614111A4C6B8500FB5BBE /* PBXContainerItemProxy */;
			sourceTree = BUILT_PRODUCTS_DIR;
		};
		792614141A4C6B8500FB5BBE /* STNewsFeedParserTests.xctest */ = {
			isa = PBXReferenceProxy;
			fileType = wrapper.cfbundle;
			path = STNewsFeedParserTests.xctest;
			remoteRef = 792614131A4C6B8500FB5BBE /* PBXContainerItemProxy */;
			sourceTree = BUILT_PRODUCTS_DIR;
		};
/* End PBXReferenceProxy section */

/* Begin PBXResourcesBuildPhase section */
		790F13F31A4CBFAB00F28EB1 /* Resources */ = {
			isa = PBXResourcesBuildPhase;
			buildActionMask = 2147483647;
			files = (
				790F13FC1A4CBFAB00F28EB1 /* MainInterface.storyboard in Resources */,
				7974BABA1A69F09E005DD781 /* Images.xcassets in Resources */,
			);
			runOnlyForDeploymentPostprocessing = 0;
		};
		792B45F11A6C4B9C004FDB8F /* Resources */ = {
			isa = PBXResourcesBuildPhase;
			buildActionMask = 2147483647;
			files = (
				792B45FD1A6C4B9C004FDB8F /* MainInterface.storyboard in Resources */,
			);
			runOnlyForDeploymentPostprocessing = 0;
		};
		799BEFBF1A45DFA600E055F1 /* Resources */ = {
			isa = PBXResourcesBuildPhase;
			buildActionMask = 2147483647;
			files = (
				799BEFCF1A45DFA600E055F1 /* Main.storyboard in Resources */,
				799BEFD41A45DFA600E055F1 /* LaunchScreen.xib in Resources */,
				799BEFD11A45DFA600E055F1 /* Images.xcassets in Resources */,
			);
			runOnlyForDeploymentPostprocessing = 0;
		};
		799BEFD71A45DFA600E055F1 /* Resources */ = {
			isa = PBXResourcesBuildPhase;
			buildActionMask = 2147483647;
			files = (
			);
			runOnlyForDeploymentPostprocessing = 0;
		};
/* End PBXResourcesBuildPhase section */

/* Begin PBXSourcesBuildPhase section */
		790F13F11A4CBFAB00F28EB1 /* Sources */ = {
			isa = PBXSourcesBuildPhase;
			buildActionMask = 2147483647;
			files = (
				790F13FA1A4CBFAB00F28EB1 /* ActionViewController.swift in Sources */,
			);
			runOnlyForDeploymentPostprocessing = 0;
		};
		792B45EF1A6C4B9C004FDB8F /* Sources */ = {
			isa = PBXSourcesBuildPhase;
			buildActionMask = 2147483647;
			files = (
				792B45FB1A6C4B9C004FDB8F /* TodayViewController.swift in Sources */,
			);
			runOnlyForDeploymentPostprocessing = 0;
		};
		799BEFBD1A45DFA600E055F1 /* Sources */ = {
			isa = PBXSourcesBuildPhase;
			buildActionMask = 2147483647;
			files = (
				79DD1A761A4B832C00D15A4D /* CustomTableViewCell.swift in Sources */,
				79D15C4A1A7806DD00FE6A8B /* DataSource.swift in Sources */,
				799BEFCC1A45DFA600E055F1 /* ViewController.swift in Sources */,
				799BEFC71A45DFA600E055F1 /* AppDelegate.swift in Sources */,
				79C594BE1A4A47FA002500D4 /* AddressesTableViewController.swift in Sources */,
				799BEFCA1A45DFA600E055F1 /* Lines.xcdatamodeld in Sources */,
			);
			runOnlyForDeploymentPostprocessing = 0;
		};
		799BEFD51A45DFA600E055F1 /* Sources */ = {
			isa = PBXSourcesBuildPhase;
			buildActionMask = 2147483647;
			files = (
				799BEFE01A45DFA600E055F1 /* LinesTests.swift in Sources */,
			);
			runOnlyForDeploymentPostprocessing = 0;
		};
/* End PBXSourcesBuildPhase section */

/* Begin PBXTargetDependency section */
		790F13FE1A4CBFAB00F28EB1 /* PBXTargetDependency */ = {
			isa = PBXTargetDependency;
			target = 790F13F41A4CBFAB00F28EB1 /* Subscribe */;
			targetProxy = 790F13FD1A4CBFAB00F28EB1 /* PBXContainerItemProxy */;
		};
		7926141C1A4C6BD400FB5BBE /* PBXTargetDependency */ = {
			isa = PBXTargetDependency;
			name = STNewsFeedParser;
			targetProxy = 7926141B1A4C6BD400FB5BBE /* PBXContainerItemProxy */;
		};
		792B45FF1A6C4B9C004FDB8F /* PBXTargetDependency */ = {
			isa = PBXTargetDependency;
			target = 792B45F21A6C4B9C004FDB8F /* Some to read */;
			targetProxy = 792B45FE1A6C4B9C004FDB8F /* PBXContainerItemProxy */;
		};
		799BEFDB1A45DFA600E055F1 /* PBXTargetDependency */ = {
			isa = PBXTargetDependency;
			target = 799BEFC01A45DFA600E055F1 /* Lines */;
			targetProxy = 799BEFDA1A45DFA600E055F1 /* PBXContainerItemProxy */;
		};
/* End PBXTargetDependency section */

/* Begin PBXVariantGroup section */
		799BEFCD1A45DFA600E055F1 /* Main.storyboard */ = {
			isa = PBXVariantGroup;
			children = (
				799BEFCE1A45DFA600E055F1 /* Base */,
			);
			name = Main.storyboard;
			sourceTree = "<group>";
		};
		799BEFD21A45DFA600E055F1 /* LaunchScreen.xib */ = {
			isa = PBXVariantGroup;
			children = (
				799BEFD31A45DFA600E055F1 /* Base */,
			);
			name = LaunchScreen.xib;
			sourceTree = "<group>";
		};
/* End PBXVariantGroup section */

/* Begin XCBuildConfiguration section */
		790F14001A4CBFAB00F28EB1 /* Debug */ = {
			isa = XCBuildConfiguration;
			buildSettings = {
				ASSETCATALOG_COMPILER_APPICON_NAME = Extension;
				ASSETCATALOG_COMPILER_LAUNCHIMAGE_NAME = LaunchImage;
				GCC_PREPROCESSOR_DEFINITIONS = (
					"DEBUG=1",
					"$(inherited)",
				);
				INFOPLIST_FILE = Subscribe/Info.plist;
				LD_RUNPATH_SEARCH_PATHS = "$(inherited) @executable_path/Frameworks @executable_path/../../Frameworks";
				PRODUCT_NAME = "$(TARGET_NAME)";
				SKIP_INSTALL = YES;
			};
			name = Debug;
		};
		790F14011A4CBFAB00F28EB1 /* Release */ = {
			isa = XCBuildConfiguration;
			buildSettings = {
				ASSETCATALOG_COMPILER_APPICON_NAME = Extension;
				ASSETCATALOG_COMPILER_LAUNCHIMAGE_NAME = LaunchImage;
				INFOPLIST_FILE = Subscribe/Info.plist;
				LD_RUNPATH_SEARCH_PATHS = "$(inherited) @executable_path/Frameworks @executable_path/../../Frameworks";
				PRODUCT_NAME = "$(TARGET_NAME)";
				SKIP_INSTALL = YES;
			};
			name = Release;
		};
		792B46011A6C4B9C004FDB8F /* Debug */ = {
			isa = XCBuildConfiguration;
			buildSettings = {
				GCC_PREPROCESSOR_DEFINITIONS = (
					"DEBUG=1",
					"$(inherited)",
				);
				INFOPLIST_FILE = "Some to read/Info.plist";
				IPHONEOS_DEPLOYMENT_TARGET = 8.2;
				LD_RUNPATH_SEARCH_PATHS = "$(inherited) @executable_path/Frameworks @executable_path/../../Frameworks";
				PRODUCT_NAME = "$(TARGET_NAME)";
				SKIP_INSTALL = YES;
			};
			name = Debug;
		};
		792B46021A6C4B9C004FDB8F /* Release */ = {
			isa = XCBuildConfiguration;
			buildSettings = {
				COPY_PHASE_STRIP = NO;
				INFOPLIST_FILE = "Some to read/Info.plist";
				IPHONEOS_DEPLOYMENT_TARGET = 8.2;
				LD_RUNPATH_SEARCH_PATHS = "$(inherited) @executable_path/Frameworks @executable_path/../../Frameworks";
				PRODUCT_NAME = "$(TARGET_NAME)";
				SKIP_INSTALL = YES;
			};
			name = Release;
		};
		799BEFE11A45DFA600E055F1 /* Debug */ = {
			isa = XCBuildConfiguration;
			buildSettings = {
				ALWAYS_SEARCH_USER_PATHS = NO;
				CLANG_CXX_LANGUAGE_STANDARD = "gnu++0x";
				CLANG_CXX_LIBRARY = "libc++";
				CLANG_ENABLE_MODULES = YES;
				CLANG_ENABLE_OBJC_ARC = YES;
				CLANG_WARN_BOOL_CONVERSION = YES;
				CLANG_WARN_CONSTANT_CONVERSION = YES;
				CLANG_WARN_DIRECT_OBJC_ISA_USAGE = YES_ERROR;
				CLANG_WARN_EMPTY_BODY = YES;
				CLANG_WARN_ENUM_CONVERSION = YES;
				CLANG_WARN_INT_CONVERSION = YES;
				CLANG_WARN_OBJC_ROOT_CLASS = YES_ERROR;
				CLANG_WARN_UNREACHABLE_CODE = YES;
				CLANG_WARN__DUPLICATE_METHOD_MATCH = YES;
				"CODE_SIGN_IDENTITY[sdk=iphoneos*]" = "iPhone Developer";
				COPY_PHASE_STRIP = NO;
				ENABLE_STRICT_OBJC_MSGSEND = YES;
				GCC_C_LANGUAGE_STANDARD = gnu99;
				GCC_DYNAMIC_NO_PIC = NO;
				GCC_OPTIMIZATION_LEVEL = 0;
				GCC_PREPROCESSOR_DEFINITIONS = (
					"DEBUG=1",
					"$(inherited)",
				);
				GCC_SYMBOLS_PRIVATE_EXTERN = NO;
				GCC_WARN_64_TO_32_BIT_CONVERSION = YES;
				GCC_WARN_ABOUT_RETURN_TYPE = YES_ERROR;
				GCC_WARN_UNDECLARED_SELECTOR = YES;
				GCC_WARN_UNINITIALIZED_AUTOS = YES_AGGRESSIVE;
				GCC_WARN_UNUSED_FUNCTION = YES;
				GCC_WARN_UNUSED_VARIABLE = YES;
				IPHONEOS_DEPLOYMENT_TARGET = 8.1;
				MTL_ENABLE_DEBUG_INFO = YES;
				ONLY_ACTIVE_ARCH = YES;
				SDKROOT = iphoneos;
				SWIFT_OPTIMIZATION_LEVEL = "-Onone";
			};
			name = Debug;
		};
		799BEFE21A45DFA600E055F1 /* Release */ = {
			isa = XCBuildConfiguration;
			buildSettings = {
				ALWAYS_SEARCH_USER_PATHS = NO;
				CLANG_CXX_LANGUAGE_STANDARD = "gnu++0x";
				CLANG_CXX_LIBRARY = "libc++";
				CLANG_ENABLE_MODULES = YES;
				CLANG_ENABLE_OBJC_ARC = YES;
				CLANG_WARN_BOOL_CONVERSION = YES;
				CLANG_WARN_CONSTANT_CONVERSION = YES;
				CLANG_WARN_DIRECT_OBJC_ISA_USAGE = YES_ERROR;
				CLANG_WARN_EMPTY_BODY = YES;
				CLANG_WARN_ENUM_CONVERSION = YES;
				CLANG_WARN_INT_CONVERSION = YES;
				CLANG_WARN_OBJC_ROOT_CLASS = YES_ERROR;
				CLANG_WARN_UNREACHABLE_CODE = YES;
				CLANG_WARN__DUPLICATE_METHOD_MATCH = YES;
				"CODE_SIGN_IDENTITY[sdk=iphoneos*]" = "iPhone Developer";
				COPY_PHASE_STRIP = YES;
				ENABLE_NS_ASSERTIONS = NO;
				ENABLE_STRICT_OBJC_MSGSEND = YES;
				GCC_C_LANGUAGE_STANDARD = gnu99;
				GCC_WARN_64_TO_32_BIT_CONVERSION = YES;
				GCC_WARN_ABOUT_RETURN_TYPE = YES_ERROR;
				GCC_WARN_UNDECLARED_SELECTOR = YES;
				GCC_WARN_UNINITIALIZED_AUTOS = YES_AGGRESSIVE;
				GCC_WARN_UNUSED_FUNCTION = YES;
				GCC_WARN_UNUSED_VARIABLE = YES;
				IPHONEOS_DEPLOYMENT_TARGET = 8.1;
				MTL_ENABLE_DEBUG_INFO = NO;
				SDKROOT = iphoneos;
				VALIDATE_PRODUCT = YES;
			};
			name = Release;
		};
		799BEFE41A45DFA600E055F1 /* Debug */ = {
			isa = XCBuildConfiguration;
			buildSettings = {
				ASSETCATALOG_COMPILER_APPICON_NAME = AppIcon;
				EMBEDDED_CONTENT_CONTAINS_SWIFT = YES;
				INFOPLIST_FILE = Lines/Info.plist;
				LD_RUNPATH_SEARCH_PATHS = "$(inherited) @executable_path/Frameworks";
				PRODUCT_NAME = "$(TARGET_NAME)";
			};
			name = Debug;
		};
		799BEFE51A45DFA600E055F1 /* Release */ = {
			isa = XCBuildConfiguration;
			buildSettings = {
				ASSETCATALOG_COMPILER_APPICON_NAME = AppIcon;
				EMBEDDED_CONTENT_CONTAINS_SWIFT = YES;
				INFOPLIST_FILE = Lines/Info.plist;
				LD_RUNPATH_SEARCH_PATHS = "$(inherited) @executable_path/Frameworks";
				PRODUCT_NAME = "$(TARGET_NAME)";
			};
			name = Release;
		};
		799BEFE71A45DFA600E055F1 /* Debug */ = {
			isa = XCBuildConfiguration;
			buildSettings = {
				BUNDLE_LOADER = "$(TEST_HOST)";
				FRAMEWORK_SEARCH_PATHS = (
					"$(SDKROOT)/Developer/Library/Frameworks",
					"$(inherited)",
				);
				GCC_PREPROCESSOR_DEFINITIONS = (
					"DEBUG=1",
					"$(inherited)",
				);
				INFOPLIST_FILE = LinesTests/Info.plist;
				LD_RUNPATH_SEARCH_PATHS = "$(inherited) @executable_path/Frameworks @loader_path/Frameworks";
				PRODUCT_NAME = "$(TARGET_NAME)";
				TEST_HOST = "$(BUILT_PRODUCTS_DIR)/Lines.app/Lines";
			};
			name = Debug;
		};
		799BEFE81A45DFA600E055F1 /* Release */ = {
			isa = XCBuildConfiguration;
			buildSettings = {
				BUNDLE_LOADER = "$(TEST_HOST)";
				FRAMEWORK_SEARCH_PATHS = (
					"$(SDKROOT)/Developer/Library/Frameworks",
					"$(inherited)",
				);
				INFOPLIST_FILE = LinesTests/Info.plist;
				LD_RUNPATH_SEARCH_PATHS = "$(inherited) @executable_path/Frameworks @loader_path/Frameworks";
				PRODUCT_NAME = "$(TARGET_NAME)";
				TEST_HOST = "$(BUILT_PRODUCTS_DIR)/Lines.app/Lines";
			};
			name = Release;
		};
/* End XCBuildConfiguration section */

/* Begin XCConfigurationList section */
		790F14031A4CBFAC00F28EB1 /* Build configuration list for PBXNativeTarget "Subscribe" */ = {
			isa = XCConfigurationList;
			buildConfigurations = (
				790F14001A4CBFAB00F28EB1 /* Debug */,
				790F14011A4CBFAB00F28EB1 /* Release */,
			);
			defaultConfigurationIsVisible = 0;
			defaultConfigurationName = Release;
		};
		792B46041A6C4B9C004FDB8F /* Build configuration list for PBXNativeTarget "Some to read" */ = {
			isa = XCConfigurationList;
			buildConfigurations = (
				792B46011A6C4B9C004FDB8F /* Debug */,
				792B46021A6C4B9C004FDB8F /* Release */,
			);
			defaultConfigurationIsVisible = 0;
			defaultConfigurationName = Release;
		};
		799BEFBC1A45DFA600E055F1 /* Build configuration list for PBXProject "Lines" */ = {
			isa = XCConfigurationList;
			buildConfigurations = (
				799BEFE11A45DFA600E055F1 /* Debug */,
				799BEFE21A45DFA600E055F1 /* Release */,
			);
			defaultConfigurationIsVisible = 0;
			defaultConfigurationName = Release;
		};
		799BEFE31A45DFA600E055F1 /* Build configuration list for PBXNativeTarget "Lines" */ = {
			isa = XCConfigurationList;
			buildConfigurations = (
				799BEFE41A45DFA600E055F1 /* Debug */,
				799BEFE51A45DFA600E055F1 /* Release */,
			);
			defaultConfigurationIsVisible = 0;
			defaultConfigurationName = Release;
		};
		799BEFE61A45DFA600E055F1 /* Build configuration list for PBXNativeTarget "LinesTests" */ = {
			isa = XCConfigurationList;
			buildConfigurations = (
				799BEFE71A45DFA600E055F1 /* Debug */,
				799BEFE81A45DFA600E055F1 /* Release */,
			);
			defaultConfigurationIsVisible = 0;
			defaultConfigurationName = Release;
		};
/* End XCConfigurationList section */

/* Begin XCVersionGroup section */
		799BEFC81A45DFA600E055F1 /* Lines.xcdatamodeld */ = {
			isa = XCVersionGroup;
			children = (
				799BEFC91A45DFA600E055F1 /* Lines.xcdatamodel */,
			);
			currentVersion = 799BEFC91A45DFA600E055F1 /* Lines.xcdatamodel */;
			path = Lines.xcdatamodeld;
			sourceTree = "<group>";
			versionGroupType = wrapper.xcdatamodel;
		};
/* End XCVersionGroup section */
	};
	rootObject = 799BEFB91A45DFA600E055F1 /* Project object */;
}
